
Microsoft Visual Studio Solution File, Format Version 12.00
# Visual Studio Version 16
VisualStudioVersion = 16.0.28531.58
MinimumVisualStudioVersion = 10.0.40219.1
Project("{9A19103F-16F7-4668-BE54-9A1E7A4F7556}") = "CraftBot.Commands", "CraftBot.Commands\CraftBot.Commands.csproj", "{AF77068B-8DC1-461C-BED7-FA90D20E778B}"
EndProject
Project("{9A19103F-16F7-4668-BE54-9A1E7A4F7556}") = "CraftBot.Helper", "CraftBot.Helper\CraftBot.Helper.csproj", "{E7BC99B4-3433-47AA-AA0A-D561DFDA78E1}"
EndProject
Project("{9A19103F-16F7-4668-BE54-9A1E7A4F7556}") = "CraftBot.Base", "CraftBot.Base\CraftBot.Base.csproj", "{0F9548C2-836E-485A-8822-B4818757ADE7}"
EndProject
Project("{FAE04EC0-301F-11D3-BF4B-00C04F79EFBC}") = "CraftBot.IrcBridge", "CraftBot.IrcBridge\CraftBot.IrcBridge.csproj", "{BF050C88-7D7F-470F-8697-2E79CA0A2C0C}"
EndProject
Project("{FAE04EC0-301F-11D3-BF4B-00C04F79EFBC}") = "CraftBot.Localisation", "CraftBot.Localisation\CraftBot.Localisation.csproj", "{33101148-D4A8-418B-AB4F-5C92E4B453EE}"
EndProject
Project("{FAE04EC0-301F-11D3-BF4B-00C04F79EFBC}") = "CraftBot.Profiles", "CraftBot.Profiles\CraftBot.Profiles.csproj", "{8BD0ED56-4D10-4E8C-9F62-8350789F969A}"
EndProject
Project("{FAE04EC0-301F-11D3-BF4B-00C04F79EFBC}") = "CraftBot.ServerSpecial", "CraftBot.ServerSpecial\CraftBot.ServerSpecial.csproj", "{380EF238-2B17-4C76-AFA8-A76B4E8BCB4F}"
EndProject
Global
	GlobalSection(SolutionConfigurationPlatforms) = preSolution
		Debug|Any CPU = Debug|Any CPU
		Release|Any CPU = Release|Any CPU
	EndGlobalSection
	GlobalSection(ProjectConfigurationPlatforms) = postSolution
		{AF77068B-8DC1-461C-BED7-FA90D20E778B}.Debug|Any CPU.ActiveCfg = Debug|Any CPU
		{AF77068B-8DC1-461C-BED7-FA90D20E778B}.Debug|Any CPU.Build.0 = Debug|Any CPU
		{AF77068B-8DC1-461C-BED7-FA90D20E778B}.Release|Any CPU.ActiveCfg = Release|Any CPU
		{AF77068B-8DC1-461C-BED7-FA90D20E778B}.Release|Any CPU.Build.0 = Release|Any CPU
		{E7BC99B4-3433-47AA-AA0A-D561DFDA78E1}.Debug|Any CPU.ActiveCfg = Debug|Any CPU
		{E7BC99B4-3433-47AA-AA0A-D561DFDA78E1}.Debug|Any CPU.Build.0 = Debug|Any CPU
		{E7BC99B4-3433-47AA-AA0A-D561DFDA78E1}.Release|Any CPU.ActiveCfg = Release|Any CPU
		{E7BC99B4-3433-47AA-AA0A-D561DFDA78E1}.Release|Any CPU.Build.0 = Release|Any CPU
		{0F9548C2-836E-485A-8822-B4818757ADE7}.Debug|Any CPU.ActiveCfg = Debug|Any CPU
		{0F9548C2-836E-485A-8822-B4818757ADE7}.Debug|Any CPU.Build.0 = Debug|Any CPU
		{0F9548C2-836E-485A-8822-B4818757ADE7}.Release|Any CPU.ActiveCfg = Release|Any CPU
		{0F9548C2-836E-485A-8822-B4818757ADE7}.Release|Any CPU.Build.0 = Release|Any CPU
		{BF050C88-7D7F-470F-8697-2E79CA0A2C0C}.Debug|Any CPU.ActiveCfg = Debug|Any CPU
		{BF050C88-7D7F-470F-8697-2E79CA0A2C0C}.Debug|Any CPU.Build.0 = Debug|Any CPU
		{BF050C88-7D7F-470F-8697-2E79CA0A2C0C}.Release|Any CPU.ActiveCfg = Release|Any CPU
		{BF050C88-7D7F-470F-8697-2E79CA0A2C0C}.Release|Any CPU.Build.0 = Release|Any CPU
		{33101148-D4A8-418B-AB4F-5C92E4B453EE}.Debug|Any CPU.ActiveCfg = Debug|Any CPU
		{33101148-D4A8-418B-AB4F-5C92E4B453EE}.Debug|Any CPU.Build.0 = Debug|Any CPU
		{33101148-D4A8-418B-AB4F-5C92E4B453EE}.Release|Any CPU.ActiveCfg = Release|Any CPU
		{33101148-D4A8-418B-AB4F-5C92E4B453EE}.Release|Any CPU.Build.0 = Release|Any CPU
		{8BD0ED56-4D10-4E8C-9F62-8350789F969A}.Debug|Any CPU.ActiveCfg = Debug|Any CPU
		{8BD0ED56-4D10-4E8C-9F62-8350789F969A}.Debug|Any CPU.Build.0 = Debug|Any CPU
		{8BD0ED56-4D10-4E8C-9F62-8350789F969A}.Release|Any CPU.ActiveCfg = Release|Any CPU
		{8BD0ED56-4D10-4E8C-9F62-8350789F969A}.Release|Any CPU.Build.0 = Release|Any CPU
		{380EF238-2B17-4C76-AFA8-A76B4E8BCB4F}.Debug|Any CPU.ActiveCfg = Debug|Any CPU
		{380EF238-2B17-4C76-AFA8-A76B4E8BCB4F}.Debug|Any CPU.Build.0 = Debug|Any CPU
		{380EF238-2B17-4C76-AFA8-A76B4E8BCB4F}.Release|Any CPU.ActiveCfg = Release|Any CPU
		{380EF238-2B17-4C76-AFA8-A76B4E8BCB4F}.Release|Any CPU.Build.0 = Release|Any CPU
	EndGlobalSection
	GlobalSection(SolutionProperties) = preSolution
		HideSolutionNode = FALSE
	EndGlobalSection
	GlobalSection(ExtensibilityGlobals) = postSolution
		SolutionGuid = {CF75A17D-EBFA-47C9-8D1D-70521FB52ED0}
	EndGlobalSection
EndGlobal
